
Microsoft Visual Studio Solution File, Format Version 12.00
# Visual Studio Version 17
VisualStudioVersion = 17.6.33723.286
MinimumVisualStudioVersion = 10.0.40219.1
Project("{FAE04EC0-301F-11D3-BF4B-00C04F79EFBC}") = "WebApplicationMVC", "WebApplicationMVC\WebApplicationMVC.csproj", "{600E6706-A8BD-44E1-84BF-7035D4740A0A}"
EndProject
Global
	GlobalSection(SolutionConfigurationPlatforms) = preSolution
		Debug|Any CPU = Debug|Any CPU
		Release|Any CPU = Release|Any CPU
	EndGlobalSection
	GlobalSection(ProjectConfigurationPlatforms) = postSolution
		{600E6706-A8BD-44E1-84BF-7035D4740A0A}.Debug|Any CPU.ActiveCfg = Debug|Any CPU
		{600E6706-A8BD-44E1-84BF-7035D4740A0A}.Debug|Any CPU.Build.0 = Debug|Any CPU
		{600E6706-A8BD-44E1-84BF-7035D4740A0A}.Release|Any CPU.ActiveCfg = Release|Any CPU
		{600E6706-A8BD-44E1-84BF-7035D4740A0A}.Release|Any CPU.Build.0 = Release|Any CPU
	EndGlobalSection
	GlobalSection(SolutionProperties) = preSolution
		HideSolutionNode = FALSE
	EndGlobalSection
	GlobalSection(ExtensibilityGlobals) = postSolution
		SolutionGuid = {0284AA00-22EB-4EE1-95AE-3F15180C70B3}
	EndGlobalSection
EndGlobal
